
Microsoft Visual Studio Solution File, Format Version 12.00
# Visual Studio 14
VisualStudioVersion = 14.0.23107.0
MinimumVisualStudioVersion = 10.0.40219.1
Project("{FAE04EC0-301F-11D3-BF4B-00C04F79EFBC}") = "battleship", "battleship\battleship.csproj", "{57836308-577A-43C0-A8D7-F595EE86330E}"
EndProject
Project("{FAE04EC0-301F-11D3-BF4B-00C04F79EFBC}") = "battleTest", "battleTest\battleTest.csproj", "{049DA03B-3EE5-4114-B5DB-55544B0F5FB2}"
EndProject
Global
	GlobalSection(SolutionConfigurationPlatforms) = preSolution
		Debug|Any CPU = Debug|Any CPU
		Release|Any CPU = Release|Any CPU
	EndGlobalSection
	GlobalSection(ProjectConfigurationPlatforms) = postSolution
		{57836308-577A-43C0-A8D7-F595EE86330E}.Debug|Any CPU.ActiveCfg = Debug|Any CPU
		{57836308-577A-43C0-A8D7-F595EE86330E}.Debug|Any CPU.Build.0 = Debug|Any CPU
		{57836308-577A-43C0-A8D7-F595EE86330E}.Release|Any CPU.ActiveCfg = Release|Any CPU
		{57836308-577A-43C0-A8D7-F595EE86330E}.Release|Any CPU.Build.0 = Release|Any CPU
		{049DA03B-3EE5-4114-B5DB-55544B0F5FB2}.Debug|Any CPU.ActiveCfg = Debug|Any CPU
		{049DA03B-3EE5-4114-B5DB-55544B0F5FB2}.Debug|Any CPU.Build.0 = Debug|Any CPU
		{049DA03B-3EE5-4114-B5DB-55544B0F5FB2}.Release|Any CPU.ActiveCfg = Release|Any CPU
		{049DA03B-3EE5-4114-B5DB-55544B0F5FB2}.Release|Any CPU.Build.0 = Release|Any CPU
	EndGlobalSection
	GlobalSection(SolutionProperties) = preSolution
		HideSolutionNode = FALSE
	EndGlobalSection
EndGlobal
